// !$*UTF8*$!
{
	archiveVersion = 1;
	classes = {
	};
	objectVersion = 55;
	objects = {

/* Begin PBXBuildFile section */
		344D569D288987B4004B8B6F /* JioujiappApp.swift in Sources */ = {isa = PBXBuildFile; fileRef = 344D569C288987B4004B8B6F /* JioujiappApp.swift */; };
		344D569F288987B4004B8B6F /* ViewMain.swift in Sources */ = {isa = PBXBuildFile; fileRef = 344D569E288987B4004B8B6F /* ViewMain.swift */; };
		344D56A1288987B6004B8B6F /* Assets.xcassets in Resources */ = {isa = PBXBuildFile; fileRef = 344D56A0288987B6004B8B6F /* Assets.xcassets */; };
		344D56A4288987B6004B8B6F /* Preview Assets.xcassets in Resources */ = {isa = PBXBuildFile; fileRef = 344D56A3288987B6004B8B6F /* Preview Assets.xcassets */; };
		3489AC83288C30E300985435 /* ComposableTransparentAccount.swift in Sources */ = {isa = PBXBuildFile; fileRef = 3489AC82288C30E300985435 /* ComposableTransparentAccount.swift */; };
		3489AC85288C323B00985435 /* ComposableTransparentAccountTests.swift in Sources */ = {isa = PBXBuildFile; fileRef = 3489AC84288C323B00985435 /* ComposableTransparentAccountTests.swift */; };
		3489AC87288C3ED000985435 /* SystemEnvironment.swift in Sources */ = {isa = PBXBuildFile; fileRef = 3489AC86288C3ED000985435 /* SystemEnvironment.swift */; };
		3489AC8B288C4D9E00985435 /* EffectsTransparentAccount.swift in Sources */ = {isa = PBXBuildFile; fileRef = 3489AC8A288C4D9E00985435 /* EffectsTransparentAccount.swift */; };
		34DC4A02288ACF020020A5AF /* ComposableArchitecture in Frameworks */ = {isa = PBXBuildFile; productRef = 34DC4A01288ACF020020A5AF /* ComposableArchitecture */; };
		34DC4A04288AEE5F0020A5AF /* TransparentAccountsApiTests.swift in Sources */ = {isa = PBXBuildFile; fileRef = 34DC4A03288AEE5F0020A5AF /* TransparentAccountsApiTests.swift */; };
		34DC4A06288AF1910020A5AF /* TransparentAccountsApi.swift in Sources */ = {isa = PBXBuildFile; fileRef = 34DC4A05288AF1910020A5AF /* TransparentAccountsApi.swift */; };
		34DC4A08288B03B10020A5AF /* EnvironmentVariable.swift in Sources */ = {isa = PBXBuildFile; fileRef = 34DC4A07288B03B10020A5AF /* EnvironmentVariable.swift */; };
		34DC4A0A288B04010020A5AF /* ApiError.swift in Sources */ = {isa = PBXBuildFile; fileRef = 34DC4A09288B04010020A5AF /* ApiError.swift */; };
		34DC4A0C288B10DC0020A5AF /* ApiStrings.swift in Sources */ = {isa = PBXBuildFile; fileRef = 34DC4A0B288B10DC0020A5AF /* ApiStrings.swift */; };
		34E9310B288D740A009FC47F /* ComposableMainTests.swift in Sources */ = {isa = PBXBuildFile; fileRef = 34E9310A288D740A009FC47F /* ComposableMainTests.swift */; };
		34E9310D288D74AE009FC47F /* ComposableMain.swift in Sources */ = {isa = PBXBuildFile; fileRef = 34E9310C288D74AE009FC47F /* ComposableMain.swift */; };
		34E9310F288D9186009FC47F /* ModelTransparentAccountTests.swift in Sources */ = {isa = PBXBuildFile; fileRef = 34E9310E288D9186009FC47F /* ModelTransparentAccountTests.swift */; };
		34E93111288D91F3009FC47F /* ModelTransparentAccount.swift in Sources */ = {isa = PBXBuildFile; fileRef = 34E93110288D91F3009FC47F /* ModelTransparentAccount.swift */; };
		34E93116288DA522009FC47F /* ViewListTransparentAccounts.swift in Sources */ = {isa = PBXBuildFile; fileRef = 34E93115288DA521009FC47F /* ViewListTransparentAccounts.swift */; };
/* End PBXBuildFile section */

/* Begin PBXContainerItemProxy section */
		344D56AA288987B7004B8B6F /* PBXContainerItemProxy */ = {
			isa = PBXContainerItemProxy;
			containerPortal = 344D5691288987B4004B8B6F /* Project object */;
			proxyType = 1;
			remoteGlobalIDString = 344D5698288987B4004B8B6F;
			remoteInfo = Jioujiapp;
		};
		344D56B4288987B7004B8B6F /* PBXContainerItemProxy */ = {
			isa = PBXContainerItemProxy;
			containerPortal = 344D5691288987B4004B8B6F /* Project object */;
			proxyType = 1;
			remoteGlobalIDString = 344D5698288987B4004B8B6F;
			remoteInfo = Jioujiapp;
		};
/* End PBXContainerItemProxy section */

/* Begin PBXFileReference section */
		344D5699288987B4004B8B6F /* Jioujiapp.app */ = {isa = PBXFileReference; explicitFileType = wrapper.application; includeInIndex = 0; path = Jioujiapp.app; sourceTree = BUILT_PRODUCTS_DIR; };
		344D569C288987B4004B8B6F /* JioujiappApp.swift */ = {isa = PBXFileReference; lastKnownFileType = sourcecode.swift; path = JioujiappApp.swift; sourceTree = "<group>"; };
		344D569E288987B4004B8B6F /* ViewMain.swift */ = {isa = PBXFileReference; lastKnownFileType = sourcecode.swift; path = ViewMain.swift; sourceTree = "<group>"; };
		344D56A0288987B6004B8B6F /* Assets.xcassets */ = {isa = PBXFileReference; lastKnownFileType = folder.assetcatalog; path = Assets.xcassets; sourceTree = "<group>"; };
		344D56A3288987B6004B8B6F /* Preview Assets.xcassets */ = {isa = PBXFileReference; lastKnownFileType = folder.assetcatalog; path = "Preview Assets.xcassets"; sourceTree = "<group>"; };
		344D56A9288987B7004B8B6F /* JioujiappTests.xctest */ = {isa = PBXFileReference; explicitFileType = wrapper.cfbundle; includeInIndex = 0; path = JioujiappTests.xctest; sourceTree = BUILT_PRODUCTS_DIR; };
		344D56B3288987B7004B8B6F /* JioujiappUITests.xctest */ = {isa = PBXFileReference; explicitFileType = wrapper.cfbundle; includeInIndex = 0; path = JioujiappUITests.xctest; sourceTree = BUILT_PRODUCTS_DIR; };
		3489AC82288C30E300985435 /* ComposableTransparentAccount.swift */ = {isa = PBXFileReference; lastKnownFileType = sourcecode.swift; path = ComposableTransparentAccount.swift; sourceTree = "<group>"; };
		3489AC84288C323B00985435 /* ComposableTransparentAccountTests.swift */ = {isa = PBXFileReference; lastKnownFileType = sourcecode.swift; path = ComposableTransparentAccountTests.swift; sourceTree = "<group>"; };
		3489AC86288C3ED000985435 /* SystemEnvironment.swift */ = {isa = PBXFileReference; lastKnownFileType = sourcecode.swift; path = SystemEnvironment.swift; sourceTree = "<group>"; };
		3489AC8A288C4D9E00985435 /* EffectsTransparentAccount.swift */ = {isa = PBXFileReference; lastKnownFileType = sourcecode.swift; path = EffectsTransparentAccount.swift; sourceTree = "<group>"; };
		34DC4A03288AEE5F0020A5AF /* TransparentAccountsApiTests.swift */ = {isa = PBXFileReference; lastKnownFileType = sourcecode.swift; path = TransparentAccountsApiTests.swift; sourceTree = "<group>"; };
		34DC4A05288AF1910020A5AF /* TransparentAccountsApi.swift */ = {isa = PBXFileReference; lastKnownFileType = sourcecode.swift; path = TransparentAccountsApi.swift; sourceTree = "<group>"; };
		34DC4A07288B03B10020A5AF /* EnvironmentVariable.swift */ = {isa = PBXFileReference; lastKnownFileType = sourcecode.swift; path = EnvironmentVariable.swift; sourceTree = "<group>"; };
		34DC4A09288B04010020A5AF /* ApiError.swift */ = {isa = PBXFileReference; lastKnownFileType = sourcecode.swift; path = ApiError.swift; sourceTree = "<group>"; };
		34DC4A0B288B10DC0020A5AF /* ApiStrings.swift */ = {isa = PBXFileReference; lastKnownFileType = sourcecode.swift; path = ApiStrings.swift; sourceTree = "<group>"; };
		34E9310A288D740A009FC47F /* ComposableMainTests.swift */ = {isa = PBXFileReference; lastKnownFileType = sourcecode.swift; path = ComposableMainTests.swift; sourceTree = "<group>"; };
		34E9310C288D74AE009FC47F /* ComposableMain.swift */ = {isa = PBXFileReference; lastKnownFileType = sourcecode.swift; path = ComposableMain.swift; sourceTree = "<group>"; };
		34E9310E288D9186009FC47F /* ModelTransparentAccountTests.swift */ = {isa = PBXFileReference; lastKnownFileType = sourcecode.swift; path = ModelTransparentAccountTests.swift; sourceTree = "<group>"; };
		34E93110288D91F3009FC47F /* ModelTransparentAccount.swift */ = {isa = PBXFileReference; lastKnownFileType = sourcecode.swift; path = ModelTransparentAccount.swift; sourceTree = "<group>"; };
		34E93115288DA521009FC47F /* ViewListTransparentAccounts.swift */ = {isa = PBXFileReference; lastKnownFileType = sourcecode.swift; path = ViewListTransparentAccounts.swift; sourceTree = "<group>"; };
/* End PBXFileReference section */

/* Begin PBXFrameworksBuildPhase section */
		344D5696288987B4004B8B6F /* Frameworks */ = {
			isa = PBXFrameworksBuildPhase;
			buildActionMask = 2147483647;
			files = (
				34DC4A02288ACF020020A5AF /* ComposableArchitecture in Frameworks */,
			);
			runOnlyForDeploymentPostprocessing = 0;
		};
		344D56A6288987B7004B8B6F /* Frameworks */ = {
			isa = PBXFrameworksBuildPhase;
			buildActionMask = 2147483647;
			files = (
			);
			runOnlyForDeploymentPostprocessing = 0;
		};
		344D56B0288987B7004B8B6F /* Frameworks */ = {
			isa = PBXFrameworksBuildPhase;
			buildActionMask = 2147483647;
			files = (
			);
			runOnlyForDeploymentPostprocessing = 0;
		};
/* End PBXFrameworksBuildPhase section */

/* Begin PBXGroup section */
		344D5690288987B4004B8B6F = {
			isa = PBXGroup;
			children = (
				344D569B288987B4004B8B6F /* Jioujiapp */,
				344D56AC288987B7004B8B6F /* JioujiappTests */,
				344D569A288987B4004B8B6F /* Products */,
			);
			sourceTree = "<group>";
		};
		344D569A288987B4004B8B6F /* Products */ = {
			isa = PBXGroup;
			children = (
				344D5699288987B4004B8B6F /* Jioujiapp.app */,
				344D56A9288987B7004B8B6F /* JioujiappTests.xctest */,
				344D56B3288987B7004B8B6F /* JioujiappUITests.xctest */,
			);
			name = Products;
			sourceTree = "<group>";
		};
		344D569B288987B4004B8B6F /* Jioujiapp */ = {
			isa = PBXGroup;
			children = (
				344D569C288987B4004B8B6F /* JioujiappApp.swift */,
				34E93112288D9B64009FC47F /* Main */,
				34E93113288D9C09009FC47F /* Api */,
				34E93114288D9C9D009FC47F /* TransparentAccount */,
				344D56A0288987B6004B8B6F /* Assets.xcassets */,
				344D56A2288987B6004B8B6F /* Preview Content */,
			);
			path = Jioujiapp;
			sourceTree = "<group>";
		};
		344D56A2288987B6004B8B6F /* Preview Content */ = {
			isa = PBXGroup;
			children = (
				344D56A3288987B6004B8B6F /* Preview Assets.xcassets */,
			);
			path = "Preview Content";
			sourceTree = "<group>";
		};
		344D56AC288987B7004B8B6F /* JioujiappTests */ = {
			isa = PBXGroup;
			children = (
				34E9310A288D740A009FC47F /* ComposableMainTests.swift */,
				3489AC84288C323B00985435 /* ComposableTransparentAccountTests.swift */,
				34E9310E288D9186009FC47F /* ModelTransparentAccountTests.swift */,
				34DC4A03288AEE5F0020A5AF /* TransparentAccountsApiTests.swift */,
			);
			path = JioujiappTests;
			sourceTree = "<group>";
		};
		34E93112288D9B64009FC47F /* Main */ = {
			isa = PBXGroup;
			children = (
				34E9310C288D74AE009FC47F /* ComposableMain.swift */,
				3489AC86288C3ED000985435 /* SystemEnvironment.swift */,
				344D569E288987B4004B8B6F /* ViewMain.swift */,
			);
			path = Main;
			sourceTree = "<group>";
		};
		34E93113288D9C09009FC47F /* Api */ = {
			isa = PBXGroup;
			children = (
				34DC4A09288B04010020A5AF /* ApiError.swift */,
				34DC4A0B288B10DC0020A5AF /* ApiStrings.swift */,
				34DC4A07288B03B10020A5AF /* EnvironmentVariable.swift */,
				34DC4A05288AF1910020A5AF /* TransparentAccountsApi.swift */,
			);
			path = Api;
			sourceTree = "<group>";
		};
		34E93114288D9C9D009FC47F /* TransparentAccount */ = {
			isa = PBXGroup;
			children = (
				3489AC82288C30E300985435 /* ComposableTransparentAccount.swift */,
				3489AC8A288C4D9E00985435 /* EffectsTransparentAccount.swift */,
				34E93110288D91F3009FC47F /* ModelTransparentAccount.swift */,
				34E93115288DA521009FC47F /* ViewListTransparentAccounts.swift */,
			);
			path = TransparentAccount;
			sourceTree = "<group>";
		};
/* End PBXGroup section */

/* Begin PBXNativeTarget section */
		344D5698288987B4004B8B6F /* Jioujiapp */ = {
			isa = PBXNativeTarget;
			buildConfigurationList = 344D56BD288987B7004B8B6F /* Build configuration list for PBXNativeTarget "Jioujiapp" */;
			buildPhases = (
				344D5695288987B4004B8B6F /* Sources */,
				344D5696288987B4004B8B6F /* Frameworks */,
				344D5697288987B4004B8B6F /* Resources */,
			);
			buildRules = (
			);
			dependencies = (
			);
			name = Jioujiapp;
			packageProductDependencies = (
				34DC4A01288ACF020020A5AF /* ComposableArchitecture */,
			);
			productName = Jioujiapp;
			productReference = 344D5699288987B4004B8B6F /* Jioujiapp.app */;
			productType = "com.apple.product-type.application";
		};
		344D56A8288987B7004B8B6F /* JioujiappTests */ = {
			isa = PBXNativeTarget;
			buildConfigurationList = 344D56C0288987B7004B8B6F /* Build configuration list for PBXNativeTarget "JioujiappTests" */;
			buildPhases = (
				344D56A5288987B7004B8B6F /* Sources */,
				344D56A6288987B7004B8B6F /* Frameworks */,
				344D56A7288987B7004B8B6F /* Resources */,
			);
			buildRules = (
			);
			dependencies = (
				344D56AB288987B7004B8B6F /* PBXTargetDependency */,
			);
			name = JioujiappTests;
			productName = JioujiappTests;
			productReference = 344D56A9288987B7004B8B6F /* JioujiappTests.xctest */;
			productType = "com.apple.product-type.bundle.unit-test";
		};
		344D56B2288987B7004B8B6F /* JioujiappUITests */ = {
			isa = PBXNativeTarget;
			buildConfigurationList = 344D56C3288987B7004B8B6F /* Build configuration list for PBXNativeTarget "JioujiappUITests" */;
			buildPhases = (
				344D56AF288987B7004B8B6F /* Sources */,
				344D56B0288987B7004B8B6F /* Frameworks */,
				344D56B1288987B7004B8B6F /* Resources */,
			);
			buildRules = (
			);
			dependencies = (
				344D56B5288987B7004B8B6F /* PBXTargetDependency */,
			);
			name = JioujiappUITests;
			productName = JioujiappUITests;
			productReference = 344D56B3288987B7004B8B6F /* JioujiappUITests.xctest */;
			productType = "com.apple.product-type.bundle.ui-testing";
		};
/* End PBXNativeTarget section */

/* Begin PBXProject section */
		344D5691288987B4004B8B6F /* Project object */ = {
			isa = PBXProject;
			attributes = {
				BuildIndependentTargetsInParallel = 1;
				LastSwiftUpdateCheck = 1340;
				LastUpgradeCheck = 1340;
				TargetAttributes = {
					344D5698288987B4004B8B6F = {
						CreatedOnToolsVersion = 13.4.1;
					};
					344D56A8288987B7004B8B6F = {
						CreatedOnToolsVersion = 13.4.1;
						TestTargetID = 344D5698288987B4004B8B6F;
					};
					344D56B2288987B7004B8B6F = {
						CreatedOnToolsVersion = 13.4.1;
						TestTargetID = 344D5698288987B4004B8B6F;
					};
				};
			};
			buildConfigurationList = 344D5694288987B4004B8B6F /* Build configuration list for PBXProject "Jioujiapp" */;
			compatibilityVersion = "Xcode 13.0";
			developmentRegion = en;
			hasScannedForEncodings = 0;
			knownRegions = (
				en,
				Base,
			);
			mainGroup = 344D5690288987B4004B8B6F;
			packageReferences = (
				34DC4A00288ACF020020A5AF /* XCRemoteSwiftPackageReference "swift-composable-architecture" */,
			);
			productRefGroup = 344D569A288987B4004B8B6F /* Products */;
			projectDirPath = "";
			projectRoot = "";
			targets = (
				344D5698288987B4004B8B6F /* Jioujiapp */,
				344D56A8288987B7004B8B6F /* JioujiappTests */,
				344D56B2288987B7004B8B6F /* JioujiappUITests */,
			);
		};
/* End PBXProject section */

/* Begin PBXResourcesBuildPhase section */
		344D5697288987B4004B8B6F /* Resources */ = {
			isa = PBXResourcesBuildPhase;
			buildActionMask = 2147483647;
			files = (
				344D56A4288987B6004B8B6F /* Preview Assets.xcassets in Resources */,
				344D56A1288987B6004B8B6F /* Assets.xcassets in Resources */,
			);
			runOnlyForDeploymentPostprocessing = 0;
		};
		344D56A7288987B7004B8B6F /* Resources */ = {
			isa = PBXResourcesBuildPhase;
			buildActionMask = 2147483647;
			files = (
			);
			runOnlyForDeploymentPostprocessing = 0;
		};
		344D56B1288987B7004B8B6F /* Resources */ = {
			isa = PBXResourcesBuildPhase;
			buildActionMask = 2147483647;
			files = (
			);
			runOnlyForDeploymentPostprocessing = 0;
		};
/* End PBXResourcesBuildPhase section */

/* Begin PBXSourcesBuildPhase section */
		344D5695288987B4004B8B6F /* Sources */ = {
			isa = PBXSourcesBuildPhase;
			buildActionMask = 2147483647;
			files = (
				344D569F288987B4004B8B6F /* ViewMain.swift in Sources */,
				344D569D288987B4004B8B6F /* JioujiappApp.swift in Sources */,
				34DC4A0C288B10DC0020A5AF /* ApiStrings.swift in Sources */,
				34DC4A06288AF1910020A5AF /* TransparentAccountsApi.swift in Sources */,
				34DC4A0A288B04010020A5AF /* ApiError.swift in Sources */,
				3489AC8B288C4D9E00985435 /* EffectsTransparentAccount.swift in Sources */,
				34E93116288DA522009FC47F /* ViewListTransparentAccounts.swift in Sources */,
				3489AC83288C30E300985435 /* ComposableTransparentAccount.swift in Sources */,
				34E93111288D91F3009FC47F /* ModelTransparentAccount.swift in Sources */,
				34DC4A08288B03B10020A5AF /* EnvironmentVariable.swift in Sources */,
				3489AC87288C3ED000985435 /* SystemEnvironment.swift in Sources */,
				34E9310D288D74AE009FC47F /* ComposableMain.swift in Sources */,
			);
			runOnlyForDeploymentPostprocessing = 0;
		};
		344D56A5288987B7004B8B6F /* Sources */ = {
			isa = PBXSourcesBuildPhase;
			buildActionMask = 2147483647;
			files = (
				34E9310F288D9186009FC47F /* ModelTransparentAccountTests.swift in Sources */,
				34E9310B288D740A009FC47F /* ComposableMainTests.swift in Sources */,
				3489AC85288C323B00985435 /* ComposableTransparentAccountTests.swift in Sources */,
				34DC4A04288AEE5F0020A5AF /* TransparentAccountsApiTests.swift in Sources */,
			);
			runOnlyForDeploymentPostprocessing = 0;
		};
		344D56AF288987B7004B8B6F /* Sources */ = {
			isa = PBXSourcesBuildPhase;
			buildActionMask = 2147483647;
			files = (
			);
			runOnlyForDeploymentPostprocessing = 0;
		};
/* End PBXSourcesBuildPhase section */

/* Begin PBXTargetDependency section */
		344D56AB288987B7004B8B6F /* PBXTargetDependency */ = {
			isa = PBXTargetDependency;
			target = 344D5698288987B4004B8B6F /* Jioujiapp */;
			targetProxy = 344D56AA288987B7004B8B6F /* PBXContainerItemProxy */;
		};
		344D56B5288987B7004B8B6F /* PBXTargetDependency */ = {
			isa = PBXTargetDependency;
			target = 344D5698288987B4004B8B6F /* Jioujiapp */;
			targetProxy = 344D56B4288987B7004B8B6F /* PBXContainerItemProxy */;
		};
/* End PBXTargetDependency section */

/* Begin XCBuildConfiguration section */
		344D56BB288987B7004B8B6F /* Debug */ = {
			isa = XCBuildConfiguration;
			buildSettings = {
				ALWAYS_SEARCH_USER_PATHS = NO;
				CLANG_ANALYZER_NONNULL = YES;
				CLANG_ANALYZER_NUMBER_OBJECT_CONVERSION = YES_AGGRESSIVE;
				CLANG_CXX_LANGUAGE_STANDARD = "gnu++17";
				CLANG_ENABLE_MODULES = YES;
				CLANG_ENABLE_OBJC_ARC = YES;
				CLANG_ENABLE_OBJC_WEAK = YES;
				CLANG_WARN_BLOCK_CAPTURE_AUTORELEASING = YES;
				CLANG_WARN_BOOL_CONVERSION = YES;
				CLANG_WARN_COMMA = YES;
				CLANG_WARN_CONSTANT_CONVERSION = YES;
				CLANG_WARN_DEPRECATED_OBJC_IMPLEMENTATIONS = YES;
				CLANG_WARN_DIRECT_OBJC_ISA_USAGE = YES_ERROR;
				CLANG_WARN_DOCUMENTATION_COMMENTS = YES;
				CLANG_WARN_EMPTY_BODY = YES;
				CLANG_WARN_ENUM_CONVERSION = YES;
				CLANG_WARN_INFINITE_RECURSION = YES;
				CLANG_WARN_INT_CONVERSION = YES;
				CLANG_WARN_NON_LITERAL_NULL_CONVERSION = YES;
				CLANG_WARN_OBJC_IMPLICIT_RETAIN_SELF = YES;
				CLANG_WARN_OBJC_LITERAL_CONVERSION = YES;
				CLANG_WARN_OBJC_ROOT_CLASS = YES_ERROR;
				CLANG_WARN_QUOTED_INCLUDE_IN_FRAMEWORK_HEADER = YES;
				CLANG_WARN_RANGE_LOOP_ANALYSIS = YES;
				CLANG_WARN_STRICT_PROTOTYPES = YES;
				CLANG_WARN_SUSPICIOUS_MOVE = YES;
				CLANG_WARN_UNGUARDED_AVAILABILITY = YES_AGGRESSIVE;
				CLANG_WARN_UNREACHABLE_CODE = YES;
				CLANG_WARN__DUPLICATE_METHOD_MATCH = YES;
				COPY_PHASE_STRIP = NO;
				DEBUG_INFORMATION_FORMAT = dwarf;
				ENABLE_STRICT_OBJC_MSGSEND = YES;
				ENABLE_TESTABILITY = YES;
				GCC_C_LANGUAGE_STANDARD = gnu11;
				GCC_DYNAMIC_NO_PIC = NO;
				GCC_NO_COMMON_BLOCKS = YES;
				GCC_OPTIMIZATION_LEVEL = 0;
				GCC_PREPROCESSOR_DEFINITIONS = (
					"DEBUG=1",
					"$(inherited)",
				);
				GCC_WARN_64_TO_32_BIT_CONVERSION = YES;
				GCC_WARN_ABOUT_RETURN_TYPE = YES_ERROR;
				GCC_WARN_UNDECLARED_SELECTOR = YES;
				GCC_WARN_UNINITIALIZED_AUTOS = YES_AGGRESSIVE;
				GCC_WARN_UNUSED_FUNCTION = YES;
				GCC_WARN_UNUSED_VARIABLE = YES;
				IPHONEOS_DEPLOYMENT_TARGET = 15.5;
				MTL_ENABLE_DEBUG_INFO = INCLUDE_SOURCE;
				MTL_FAST_MATH = YES;
				ONLY_ACTIVE_ARCH = YES;
				SDKROOT = iphoneos;
				SWIFT_ACTIVE_COMPILATION_CONDITIONS = DEBUG;
				SWIFT_OPTIMIZATION_LEVEL = "-Onone";
			};
			name = Debug;
		};
		344D56BC288987B7004B8B6F /* Release */ = {
			isa = XCBuildConfiguration;
			buildSettings = {
				ALWAYS_SEARCH_USER_PATHS = NO;
				CLANG_ANALYZER_NONNULL = YES;
				CLANG_ANALYZER_NUMBER_OBJECT_CONVERSION = YES_AGGRESSIVE;
				CLANG_CXX_LANGUAGE_STANDARD = "gnu++17";
				CLANG_ENABLE_MODULES = YES;
				CLANG_ENABLE_OBJC_ARC = YES;
				CLANG_ENABLE_OBJC_WEAK = YES;
				CLANG_WARN_BLOCK_CAPTURE_AUTORELEASING = YES;
				CLANG_WARN_BOOL_CONVERSION = YES;
				CLANG_WARN_COMMA = YES;
				CLANG_WARN_CONSTANT_CONVERSION = YES;
				CLANG_WARN_DEPRECATED_OBJC_IMPLEMENTATIONS = YES;
				CLANG_WARN_DIRECT_OBJC_ISA_USAGE = YES_ERROR;
				CLANG_WARN_DOCUMENTATION_COMMENTS = YES;
				CLANG_WARN_EMPTY_BODY = YES;
				CLANG_WARN_ENUM_CONVERSION = YES;
				CLANG_WARN_INFINITE_RECURSION = YES;
				CLANG_WARN_INT_CONVERSION = YES;
				CLANG_WARN_NON_LITERAL_NULL_CONVERSION = YES;
				CLANG_WARN_OBJC_IMPLICIT_RETAIN_SELF = YES;
				CLANG_WARN_OBJC_LITERAL_CONVERSION = YES;
				CLANG_WARN_OBJC_ROOT_CLASS = YES_ERROR;
				CLANG_WARN_QUOTED_INCLUDE_IN_FRAMEWORK_HEADER = YES;
				CLANG_WARN_RANGE_LOOP_ANALYSIS = YES;
				CLANG_WARN_STRICT_PROTOTYPES = YES;
				CLANG_WARN_SUSPICIOUS_MOVE = YES;
				CLANG_WARN_UNGUARDED_AVAILABILITY = YES_AGGRESSIVE;
				CLANG_WARN_UNREACHABLE_CODE = YES;
				CLANG_WARN__DUPLICATE_METHOD_MATCH = YES;
				COPY_PHASE_STRIP = NO;
				DEBUG_INFORMATION_FORMAT = "dwarf-with-dsym";
				ENABLE_NS_ASSERTIONS = NO;
				ENABLE_STRICT_OBJC_MSGSEND = YES;
				GCC_C_LANGUAGE_STANDARD = gnu11;
				GCC_NO_COMMON_BLOCKS = YES;
				GCC_WARN_64_TO_32_BIT_CONVERSION = YES;
				GCC_WARN_ABOUT_RETURN_TYPE = YES_ERROR;
				GCC_WARN_UNDECLARED_SELECTOR = YES;
				GCC_WARN_UNINITIALIZED_AUTOS = YES_AGGRESSIVE;
				GCC_WARN_UNUSED_FUNCTION = YES;
				GCC_WARN_UNUSED_VARIABLE = YES;
				IPHONEOS_DEPLOYMENT_TARGET = 15.5;
				MTL_ENABLE_DEBUG_INFO = NO;
				MTL_FAST_MATH = YES;
				SDKROOT = iphoneos;
				SWIFT_COMPILATION_MODE = wholemodule;
				SWIFT_OPTIMIZATION_LEVEL = "-O";
				VALIDATE_PRODUCT = YES;
			};
			name = Release;
		};
		344D56BE288987B7004B8B6F /* Debug */ = {
			isa = XCBuildConfiguration;
			buildSettings = {
				ASSETCATALOG_COMPILER_APPICON_NAME = AppIcon;
				ASSETCATALOG_COMPILER_GLOBAL_ACCENT_COLOR_NAME = AccentColor;
				CODE_SIGN_STYLE = Automatic;
				CURRENT_PROJECT_VERSION = 1;
				DEVELOPMENT_ASSET_PATHS = "\"Jioujiapp/Preview Content\"";
				DEVELOPMENT_TEAM = 44YAV9XSD2;
				ENABLE_PREVIEWS = YES;
				GENERATE_INFOPLIST_FILE = YES;
				INFOPLIST_KEY_UIApplicationSceneManifest_Generation = YES;
				INFOPLIST_KEY_UIApplicationSupportsIndirectInputEvents = YES;
				INFOPLIST_KEY_UILaunchScreen_Generation = YES;
				INFOPLIST_KEY_UISupportedInterfaceOrientations_iPad = "UIInterfaceOrientationPortrait UIInterfaceOrientationPortraitUpsideDown UIInterfaceOrientationLandscapeLeft UIInterfaceOrientationLandscapeRight";
				INFOPLIST_KEY_UISupportedInterfaceOrientations_iPhone = "UIInterfaceOrientationPortrait UIInterfaceOrientationLandscapeLeft UIInterfaceOrientationLandscapeRight";
				LD_RUNPATH_SEARCH_PATHS = (
					"$(inherited)",
					"@executable_path/Frameworks",
				);
				MARKETING_VERSION = 1.0;
				PRODUCT_BUNDLE_IDENTIFIER = eu.nekosoft.Jioujiapp;
				PRODUCT_NAME = "$(TARGET_NAME)";
				SWIFT_EMIT_LOC_STRINGS = YES;
				SWIFT_VERSION = 5.0;
				TARGETED_DEVICE_FAMILY = "1,2";
			};
			name = Debug;
		};
		344D56BF288987B7004B8B6F /* Release */ = {
			isa = XCBuildConfiguration;
			buildSettings = {
				ASSETCATALOG_COMPILER_APPICON_NAME = AppIcon;
				ASSETCATALOG_COMPILER_GLOBAL_ACCENT_COLOR_NAME = AccentColor;
				CODE_SIGN_STYLE = Automatic;
				CURRENT_PROJECT_VERSION = 1;
				DEVELOPMENT_ASSET_PATHS = "\"Jioujiapp/Preview Content\"";
				DEVELOPMENT_TEAM = 44YAV9XSD2;
				ENABLE_PREVIEWS = YES;
				GENERATE_INFOPLIST_FILE = YES;
				INFOPLIST_KEY_UIApplicationSceneManifest_Generation = YES;
				INFOPLIST_KEY_UIApplicationSupportsIndirectInputEvents = YES;
				INFOPLIST_KEY_UILaunchScreen_Generation = YES;
				INFOPLIST_KEY_UISupportedInterfaceOrientations_iPad = "UIInterfaceOrientationPortrait UIInterfaceOrientationPortraitUpsideDown UIInterfaceOrientationLandscapeLeft UIInterfaceOrientationLandscapeRight";
				INFOPLIST_KEY_UISupportedInterfaceOrientations_iPhone = "UIInterfaceOrientationPortrait UIInterfaceOrientationLandscapeLeft UIInterfaceOrientationLandscapeRight";
				LD_RUNPATH_SEARCH_PATHS = (
					"$(inherited)",
					"@executable_path/Frameworks",
				);
				MARKETING_VERSION = 1.0;
				PRODUCT_BUNDLE_IDENTIFIER = eu.nekosoft.Jioujiapp;
				PRODUCT_NAME = "$(TARGET_NAME)";
				SWIFT_EMIT_LOC_STRINGS = YES;
				SWIFT_VERSION = 5.0;
				TARGETED_DEVICE_FAMILY = "1,2";
			};
			name = Release;
		};
		344D56C1288987B7004B8B6F /* Debug */ = {
			isa = XCBuildConfiguration;
			buildSettings = {
				ALWAYS_EMBED_SWIFT_STANDARD_LIBRARIES = YES;
				BUNDLE_LOADER = "$(TEST_HOST)";
				CODE_SIGN_STYLE = Automatic;
				CURRENT_PROJECT_VERSION = 1;
				DEVELOPMENT_TEAM = 44YAV9XSD2;
				GENERATE_INFOPLIST_FILE = YES;
				IPHONEOS_DEPLOYMENT_TARGET = 15.5;
				MARKETING_VERSION = 1.0;
				PRODUCT_BUNDLE_IDENTIFIER = eu.nekosoft.JioujiappTests;
				PRODUCT_NAME = "$(TARGET_NAME)";
				SWIFT_EMIT_LOC_STRINGS = NO;
				SWIFT_VERSION = 5.0;
				TARGETED_DEVICE_FAMILY = "1,2";
				TEST_HOST = "$(BUILT_PRODUCTS_DIR)/Jioujiapp.app/Jioujiapp";
			};
			name = Debug;
		};
		344D56C2288987B7004B8B6F /* Release */ = {
			isa = XCBuildConfiguration;
			buildSettings = {
				ALWAYS_EMBED_SWIFT_STANDARD_LIBRARIES = YES;
				BUNDLE_LOADER = "$(TEST_HOST)";
				CODE_SIGN_STYLE = Automatic;
				CURRENT_PROJECT_VERSION = 1;
				DEVELOPMENT_TEAM = 44YAV9XSD2;
				GENERATE_INFOPLIST_FILE = YES;
				IPHONEOS_DEPLOYMENT_TARGET = 15.5;
				MARKETING_VERSION = 1.0;
				PRODUCT_BUNDLE_IDENTIFIER = eu.nekosoft.JioujiappTests;
				PRODUCT_NAME = "$(TARGET_NAME)";
				SWIFT_EMIT_LOC_STRINGS = NO;
				SWIFT_VERSION = 5.0;
				TARGETED_DEVICE_FAMILY = "1,2";
				TEST_HOST = "$(BUILT_PRODUCTS_DIR)/Jioujiapp.app/Jioujiapp";
			};
			name = Release;
		};
		344D56C4288987B7004B8B6F /* Debug */ = {
			isa = XCBuildConfiguration;
			buildSettings = {
				ALWAYS_EMBED_SWIFT_STANDARD_LIBRARIES = YES;
				CODE_SIGN_STYLE = Automatic;
				CURRENT_PROJECT_VERSION = 1;
				DEVELOPMENT_TEAM = 44YAV9XSD2;
				GENERATE_INFOPLIST_FILE = YES;
				MARKETING_VERSION = 1.0;
				PRODUCT_BUNDLE_IDENTIFIER = eu.nekosoft.JioujiappUITests;
				PRODUCT_NAME = "$(TARGET_NAME)";
				SWIFT_EMIT_LOC_STRINGS = NO;
				SWIFT_VERSION = 5.0;
				TARGETED_DEVICE_FAMILY = "1,2";
				TEST_TARGET_NAME = Jioujiapp;
			};
			name = Debug;
		};
		344D56C5288987B7004B8B6F /* Release */ = {
			isa = XCBuildConfiguration;
			buildSettings = {
				ALWAYS_EMBED_SWIFT_STANDARD_LIBRARIES = YES;
				CODE_SIGN_STYLE = Automatic;
				CURRENT_PROJECT_VERSION = 1;
				DEVELOPMENT_TEAM = 44YAV9XSD2;
				GENERATE_INFOPLIST_FILE = YES;
				MARKETING_VERSION = 1.0;
				PRODUCT_BUNDLE_IDENTIFIER = eu.nekosoft.JioujiappUITests;
				PRODUCT_NAME = "$(TARGET_NAME)";
				SWIFT_EMIT_LOC_STRINGS = NO;
				SWIFT_VERSION = 5.0;
				TARGETED_DEVICE_FAMILY = "1,2";
				TEST_TARGET_NAME = Jioujiapp;
			};
			name = Release;
		};
/* End XCBuildConfiguration section */

/* Begin XCConfigurationList section */
		344D5694288987B4004B8B6F /* Build configuration list for PBXProject "Jioujiapp" */ = {
			isa = XCConfigurationList;
			buildConfigurations = (
				344D56BB288987B7004B8B6F /* Debug */,
				344D56BC288987B7004B8B6F /* Release */,
			);
			defaultConfigurationIsVisible = 0;
			defaultConfigurationName = Release;
		};
		344D56BD288987B7004B8B6F /* Build configuration list for PBXNativeTarget "Jioujiapp" */ = {
			isa = XCConfigurationList;
			buildConfigurations = (
				344D56BE288987B7004B8B6F /* Debug */,
				344D56BF288987B7004B8B6F /* Release */,
			);
			defaultConfigurationIsVisible = 0;
			defaultConfigurationName = Release;
		};
		344D56C0288987B7004B8B6F /* Build configuration list for PBXNativeTarget "JioujiappTests" */ = {
			isa = XCConfigurationList;
			buildConfigurations = (
				344D56C1288987B7004B8B6F /* Debug */,
				344D56C2288987B7004B8B6F /* Release */,
			);
			defaultConfigurationIsVisible = 0;
			defaultConfigurationName = Release;
		};
		344D56C3288987B7004B8B6F /* Build configuration list for PBXNativeTarget "JioujiappUITests" */ = {
			isa = XCConfigurationList;
			buildConfigurations = (
				344D56C4288987B7004B8B6F /* Debug */,
				344D56C5288987B7004B8B6F /* Release */,
			);
			defaultConfigurationIsVisible = 0;
			defaultConfigurationName = Release;
		};
/* End XCConfigurationList section */

/* Begin XCRemoteSwiftPackageReference section */
		34DC4A00288ACF020020A5AF /* XCRemoteSwiftPackageReference "swift-composable-architecture" */ = {
			isa = XCRemoteSwiftPackageReference;
			repositoryURL = "https://github.com/pointfreeco/swift-composable-architecture";
			requirement = {
				kind = upToNextMajorVersion;
				minimumVersion = 0.9.0;
			};
		};
/* End XCRemoteSwiftPackageReference section */

/* Begin XCSwiftPackageProductDependency section */
		34DC4A01288ACF020020A5AF /* ComposableArchitecture */ = {
			isa = XCSwiftPackageProductDependency;
			package = 34DC4A00288ACF020020A5AF /* XCRemoteSwiftPackageReference "swift-composable-architecture" */;
			productName = ComposableArchitecture;
		};
/* End XCSwiftPackageProductDependency section */
	};
	rootObject = 344D5691288987B4004B8B6F /* Project object */;
}
